// !$*UTF8*$!
{
	archiveVersion = 1;
	classes = {
	};
	objectVersion = 52;
	objects = {

/* Begin PBXBuildFile section */
		FB54731F245765B600271809 /* Constants.swift in Sources */ = {isa = PBXBuildFile; fileRef = FB5472FC245765B600271809 /* Constants.swift */; };
		FB547320245765B600271809 /* StyleRegistry.swift in Sources */ = {isa = PBXBuildFile; fileRef = FB5472FE245765B600271809 /* StyleRegistry.swift */; };
		FB547321245765B600271809 /* CreatureContraptions.swift in Sources */ = {isa = PBXBuildFile; fileRef = FB5472FF245765B600271809 /* CreatureContraptions.swift */; };
		FB547322245765B600271809 /* StringStyle.swift in Sources */ = {isa = PBXBuildFile; fileRef = FB547301245765B600271809 /* StringStyle.swift */; };
		FB547323245765B600271809 /* UIScrollViewExtensions.swift in Sources */ = {isa = PBXBuildFile; fileRef = FB547303245765B600271809 /* UIScrollViewExtensions.swift */; };
		FB547324245765B600271809 /* StringExtensions.swift in Sources */ = {isa = PBXBuildFile; fileRef = FB547304245765B600271809 /* StringExtensions.swift */; };
		FB547325245765B600271809 /* DateFormatterExtensions.swift in Sources */ = {isa = PBXBuildFile; fileRef = FB547305245765B600271809 /* DateFormatterExtensions.swift */; };
		FB547326245765B600271809 /* RxObjectExtensions.swift in Sources */ = {isa = PBXBuildFile; fileRef = FB547306245765B600271809 /* RxObjectExtensions.swift */; };
		FB547327245765B600271809 /* UIViewControllerExtensions.swift in Sources */ = {isa = PBXBuildFile; fileRef = FB547307245765B600271809 /* UIViewControllerExtensions.swift */; };
		FB547328245765B600271809 /* StringExtensionsStyled.swift in Sources */ = {isa = PBXBuildFile; fileRef = FB547308245765B600271809 /* StringExtensionsStyled.swift */; };
		FB547329245765B600271809 /* UIWindowExtensions.swift in Sources */ = {isa = PBXBuildFile; fileRef = FB547309245765B600271809 /* UIWindowExtensions.swift */; };
		FB54732A245765B600271809 /* NSMutableAttributedStringExtensionsStyled.swift in Sources */ = {isa = PBXBuildFile; fileRef = FB54730A245765B600271809 /* NSMutableAttributedStringExtensionsStyled.swift */; };
		FB54732B245765B600271809 /* UIFontExtensions.swift in Sources */ = {isa = PBXBuildFile; fileRef = FB54730B245765B600271809 /* UIFontExtensions.swift */; };
		FB54732C245765B600271809 /* UIColorExtensions.swift in Sources */ = {isa = PBXBuildFile; fileRef = FB54730C245765B600271809 /* UIColorExtensions.swift */; };
		FB54732D245765B600271809 /* Math.swift in Sources */ = {isa = PBXBuildFile; fileRef = FB54730E245765B600271809 /* Math.swift */; };
		FB54732E245765B600271809 /* PasswordTextField.swift in Sources */ = {isa = PBXBuildFile; fileRef = FB547311245765B600271809 /* PasswordTextField.swift */; };
		FB54732F245765B600271809 /* HeightTextField.swift in Sources */ = {isa = PBXBuildFile; fileRef = FB547312245765B600271809 /* HeightTextField.swift */; };
		FB547330245765B600271809 /* PhoneTextField.swift in Sources */ = {isa = PBXBuildFile; fileRef = FB547313245765B600271809 /* PhoneTextField.swift */; };
		FB547331245765B600271809 /* FloatingPlaceholderTextField.swift in Sources */ = {isa = PBXBuildFile; fileRef = FB547314245765B600271809 /* FloatingPlaceholderTextField.swift */; };
		FB547332245765B600271809 /* TextField.swift in Sources */ = {isa = PBXBuildFile; fileRef = FB547315245765B600271809 /* TextField.swift */; };
		FB547333245765B600271809 /* DateTextField.swift in Sources */ = {isa = PBXBuildFile; fileRef = FB547316245765B600271809 /* DateTextField.swift */; };
		FB547334245765B600271809 /* Slider.swift in Sources */ = {isa = PBXBuildFile; fileRef = FB547317245765B600271809 /* Slider.swift */; };
		FB547335245765B600271809 /* Button.swift in Sources */ = {isa = PBXBuildFile; fileRef = FB547318245765B600271809 /* Button.swift */; };
		FB547336245765B600271809 /* .gitkeep in Resources */ = {isa = PBXBuildFile; fileRef = FB54731A245765B600271809 /* .gitkeep */; };
		FB547338245765B600271809 /* RxObject.swift in Sources */ = {isa = PBXBuildFile; fileRef = FB54731D245765B600271809 /* RxObject.swift */; };
		FB547339245765B600271809 /* Coordinator.swift in Sources */ = {isa = PBXBuildFile; fileRef = FB54731E245765B600271809 /* Coordinator.swift */; };
		FB547341245766F000271809 /* SnapKit in Frameworks */ = {isa = PBXBuildFile; productRef = FB547340245766F000271809 /* SnapKit */; };
		FBC15A45245764A90037A745 /* AppDelegate.swift in Sources */ = {isa = PBXBuildFile; fileRef = FBC15A44245764A90037A745 /* AppDelegate.swift */; };
		FBC15A47245764A90037A745 /* SceneDelegate.swift in Sources */ = {isa = PBXBuildFile; fileRef = FBC15A46245764A90037A745 /* SceneDelegate.swift */; };
		FBC15A49245764A90037A745 /* ViewController.swift in Sources */ = {isa = PBXBuildFile; fileRef = FBC15A48245764A90037A745 /* ViewController.swift */; };
		FBC15A4C245764A90037A745 /* Main.storyboard in Resources */ = {isa = PBXBuildFile; fileRef = FBC15A4A245764A90037A745 /* Main.storyboard */; };
		FBC15A4E245764AA0037A745 /* Assets.xcassets in Resources */ = {isa = PBXBuildFile; fileRef = FBC15A4D245764AA0037A745 /* Assets.xcassets */; };
		FBC15A51245764AA0037A745 /* LaunchScreen.storyboard in Resources */ = {isa = PBXBuildFile; fileRef = FBC15A4F245764AA0037A745 /* LaunchScreen.storyboard */; };
/* End PBXBuildFile section */

/* Begin PBXFileReference section */
		FB5472FC245765B600271809 /* Constants.swift */ = {isa = PBXFileReference; fileEncoding = 4; lastKnownFileType = sourcecode.swift; path = Constants.swift; sourceTree = "<group>"; };
		FB5472FE245765B600271809 /* StyleRegistry.swift */ = {isa = PBXFileReference; fileEncoding = 4; lastKnownFileType = sourcecode.swift; path = StyleRegistry.swift; sourceTree = "<group>"; };
		FB5472FF245765B600271809 /* CreatureContraptions.swift */ = {isa = PBXFileReference; fileEncoding = 4; lastKnownFileType = sourcecode.swift; path = CreatureContraptions.swift; sourceTree = "<group>"; };
		FB547301245765B600271809 /* StringStyle.swift */ = {isa = PBXFileReference; fileEncoding = 4; lastKnownFileType = sourcecode.swift; path = StringStyle.swift; sourceTree = "<group>"; };
		FB547303245765B600271809 /* UIScrollViewExtensions.swift */ = {isa = PBXFileReference; fileEncoding = 4; lastKnownFileType = sourcecode.swift; path = UIScrollViewExtensions.swift; sourceTree = "<group>"; };
		FB547304245765B600271809 /* StringExtensions.swift */ = {isa = PBXFileReference; fileEncoding = 4; lastKnownFileType = sourcecode.swift; path = StringExtensions.swift; sourceTree = "<group>"; };
		FB547305245765B600271809 /* DateFormatterExtensions.swift */ = {isa = PBXFileReference; fileEncoding = 4; lastKnownFileType = sourcecode.swift; path = DateFormatterExtensions.swift; sourceTree = "<group>"; };
		FB547306245765B600271809 /* RxObjectExtensions.swift */ = {isa = PBXFileReference; fileEncoding = 4; lastKnownFileType = sourcecode.swift; path = RxObjectExtensions.swift; sourceTree = "<group>"; };
		FB547307245765B600271809 /* UIViewControllerExtensions.swift */ = {isa = PBXFileReference; fileEncoding = 4; lastKnownFileType = sourcecode.swift; path = UIViewControllerExtensions.swift; sourceTree = "<group>"; };
		FB547308245765B600271809 /* StringExtensionsStyled.swift */ = {isa = PBXFileReference; fileEncoding = 4; lastKnownFileType = sourcecode.swift; path = StringExtensionsStyled.swift; sourceTree = "<group>"; };
		FB547309245765B600271809 /* UIWindowExtensions.swift */ = {isa = PBXFileReference; fileEncoding = 4; lastKnownFileType = sourcecode.swift; path = UIWindowExtensions.swift; sourceTree = "<group>"; };
		FB54730A245765B600271809 /* NSMutableAttributedStringExtensionsStyled.swift */ = {isa = PBXFileReference; fileEncoding = 4; lastKnownFileType = sourcecode.swift; path = NSMutableAttributedStringExtensionsStyled.swift; sourceTree = "<group>"; };
		FB54730B245765B600271809 /* UIFontExtensions.swift */ = {isa = PBXFileReference; fileEncoding = 4; lastKnownFileType = sourcecode.swift; path = UIFontExtensions.swift; sourceTree = "<group>"; };
		FB54730C245765B600271809 /* UIColorExtensions.swift */ = {isa = PBXFileReference; fileEncoding = 4; lastKnownFileType = sourcecode.swift; path = UIColorExtensions.swift; sourceTree = "<group>"; };
		FB54730E245765B600271809 /* Math.swift */ = {isa = PBXFileReference; fileEncoding = 4; lastKnownFileType = sourcecode.swift; path = Math.swift; sourceTree = "<group>"; };
		FB547311245765B600271809 /* PasswordTextField.swift */ = {isa = PBXFileReference; fileEncoding = 4; lastKnownFileType = sourcecode.swift; path = PasswordTextField.swift; sourceTree = "<group>"; };
		FB547312245765B600271809 /* HeightTextField.swift */ = {isa = PBXFileReference; fileEncoding = 4; lastKnownFileType = sourcecode.swift; path = HeightTextField.swift; sourceTree = "<group>"; };
		FB547313245765B600271809 /* PhoneTextField.swift */ = {isa = PBXFileReference; fileEncoding = 4; lastKnownFileType = sourcecode.swift; path = PhoneTextField.swift; sourceTree = "<group>"; };
		FB547314245765B600271809 /* FloatingPlaceholderTextField.swift */ = {isa = PBXFileReference; fileEncoding = 4; lastKnownFileType = sourcecode.swift; path = FloatingPlaceholderTextField.swift; sourceTree = "<group>"; };
		FB547315245765B600271809 /* TextField.swift */ = {isa = PBXFileReference; fileEncoding = 4; lastKnownFileType = sourcecode.swift; path = TextField.swift; sourceTree = "<group>"; };
		FB547316245765B600271809 /* DateTextField.swift */ = {isa = PBXFileReference; fileEncoding = 4; lastKnownFileType = sourcecode.swift; path = DateTextField.swift; sourceTree = "<group>"; };
		FB547317245765B600271809 /* Slider.swift */ = {isa = PBXFileReference; fileEncoding = 4; lastKnownFileType = sourcecode.swift; path = Slider.swift; sourceTree = "<group>"; };
		FB547318245765B600271809 /* Button.swift */ = {isa = PBXFileReference; fileEncoding = 4; lastKnownFileType = sourcecode.swift; path = Button.swift; sourceTree = "<group>"; };
		FB54731A245765B600271809 /* .gitkeep */ = {isa = PBXFileReference; fileEncoding = 4; lastKnownFileType = text; path = .gitkeep; sourceTree = "<group>"; };
		FB54731D245765B600271809 /* RxObject.swift */ = {isa = PBXFileReference; fileEncoding = 4; lastKnownFileType = sourcecode.swift; path = RxObject.swift; sourceTree = "<group>"; };
		FB54731E245765B600271809 /* Coordinator.swift */ = {isa = PBXFileReference; fileEncoding = 4; lastKnownFileType = sourcecode.swift; path = Coordinator.swift; sourceTree = "<group>"; };
		FBC15A41245764A90037A745 /* CreatureContraptions.app */ = {isa = PBXFileReference; explicitFileType = wrapper.application; includeInIndex = 0; path = CreatureContraptions.app; sourceTree = BUILT_PRODUCTS_DIR; };
		FBC15A44245764A90037A745 /* AppDelegate.swift */ = {isa = PBXFileReference; lastKnownFileType = sourcecode.swift; path = AppDelegate.swift; sourceTree = "<group>"; };
		FBC15A46245764A90037A745 /* SceneDelegate.swift */ = {isa = PBXFileReference; lastKnownFileType = sourcecode.swift; path = SceneDelegate.swift; sourceTree = "<group>"; };
		FBC15A48245764A90037A745 /* ViewController.swift */ = {isa = PBXFileReference; lastKnownFileType = sourcecode.swift; path = ViewController.swift; sourceTree = "<group>"; };
		FBC15A4B245764A90037A745 /* Base */ = {isa = PBXFileReference; lastKnownFileType = file.storyboard; name = Base; path = Base.lproj/Main.storyboard; sourceTree = "<group>"; };
		FBC15A4D245764AA0037A745 /* Assets.xcassets */ = {isa = PBXFileReference; lastKnownFileType = folder.assetcatalog; path = Assets.xcassets; sourceTree = "<group>"; };
		FBC15A50245764AA0037A745 /* Base */ = {isa = PBXFileReference; lastKnownFileType = file.storyboard; name = Base; path = Base.lproj/LaunchScreen.storyboard; sourceTree = "<group>"; };
		FBC15A52245764AA0037A745 /* Info.plist */ = {isa = PBXFileReference; lastKnownFileType = text.plist.xml; path = Info.plist; sourceTree = "<group>"; };
		FBCDE12E245779A8004F24E6 /* Info.plist */ = {isa = PBXFileReference; lastKnownFileType = text.plist.xml; path = Info.plist; sourceTree = "<group>"; };
/* End PBXFileReference section */

/* Begin PBXFrameworksBuildPhase section */
		FBC15A3E245764A90037A745 /* Frameworks */ = {
			isa = PBXFrameworksBuildPhase;
			buildActionMask = 2147483647;
			files = (
				FB547341245766F000271809 /* SnapKit in Frameworks */,
			);
			runOnlyForDeploymentPostprocessing = 0;
		};
/* End PBXFrameworksBuildPhase section */

/* Begin PBXGroup section */
		FB5472F8245765B600271809 /* Sources */ = {
			isa = PBXGroup;
			children = (
				FB5472F9245765B600271809 /* CreatureContraptions */,
			);
			name = Sources;
			path = ../../Sources;
			sourceTree = "<group>";
		};
		FB5472F9245765B600271809 /* CreatureContraptions */ = {
			isa = PBXGroup;
			children = (
				FB5472FA245765B600271809 /* Networking */,
				FB5472FB245765B600271809 /* Constants */,
				FB5472FD245765B600271809 /* Managers */,
				FB547300245765B600271809 /* Models */,
				FB547302245765B600271809 /* Extensions */,
				FB54730D245765B600271809 /* Utilities */,
				FB54730F245765B600271809 /* Views */,
				FB547319245765B600271809 /* Assets */,
				FB54731C245765B600271809 /* Protocols */,
			);
			path = CreatureContraptions;
			sourceTree = "<group>";
		};
		FB5472FA245765B600271809 /* Networking */ = {
			isa = PBXGroup;
			children = (
			);
			path = Networking;
			sourceTree = "<group>";
		};
		FB5472FB245765B600271809 /* Constants */ = {
			isa = PBXGroup;
			children = (
				FB5472FC245765B600271809 /* Constants.swift */,
			);
			path = Constants;
			sourceTree = "<group>";
		};
		FB5472FD245765B600271809 /* Managers */ = {
			isa = PBXGroup;
			children = (
				FB5472FE245765B600271809 /* StyleRegistry.swift */,
				FB5472FF245765B600271809 /* CreatureContraptions.swift */,
			);
			path = Managers;
			sourceTree = "<group>";
		};
		FB547300245765B600271809 /* Models */ = {
			isa = PBXGroup;
			children = (
				FB547301245765B600271809 /* StringStyle.swift */,
			);
			path = Models;
			sourceTree = "<group>";
		};
		FB547302245765B600271809 /* Extensions */ = {
			isa = PBXGroup;
			children = (
				FB547303245765B600271809 /* UIScrollViewExtensions.swift */,
				FB547304245765B600271809 /* StringExtensions.swift */,
				FB547305245765B600271809 /* DateFormatterExtensions.swift */,
				FB547306245765B600271809 /* RxObjectExtensions.swift */,
				FB547307245765B600271809 /* UIViewControllerExtensions.swift */,
				FB547308245765B600271809 /* StringExtensionsStyled.swift */,
				FB547309245765B600271809 /* UIWindowExtensions.swift */,
				FB54730A245765B600271809 /* NSMutableAttributedStringExtensionsStyled.swift */,
				FB54730B245765B600271809 /* UIFontExtensions.swift */,
				FB54730C245765B600271809 /* UIColorExtensions.swift */,
			);
			path = Extensions;
			sourceTree = "<group>";
		};
		FB54730D245765B600271809 /* Utilities */ = {
			isa = PBXGroup;
			children = (
				FB54730E245765B600271809 /* Math.swift */,
			);
			path = Utilities;
			sourceTree = "<group>";
		};
		FB54730F245765B600271809 /* Views */ = {
			isa = PBXGroup;
			children = (
				FB547310245765B600271809 /* TextFields */,
				FB547317245765B600271809 /* Slider.swift */,
				FB547318245765B600271809 /* Button.swift */,
			);
			path = Views;
			sourceTree = "<group>";
		};
		FB547310245765B600271809 /* TextFields */ = {
			isa = PBXGroup;
			children = (
				FB547311245765B600271809 /* PasswordTextField.swift */,
				FB547312245765B600271809 /* HeightTextField.swift */,
				FB547313245765B600271809 /* PhoneTextField.swift */,
				FB547314245765B600271809 /* FloatingPlaceholderTextField.swift */,
				FB547315245765B600271809 /* TextField.swift */,
				FB547316245765B600271809 /* DateTextField.swift */,
			);
			path = TextFields;
			sourceTree = "<group>";
		};
		FB547319245765B600271809 /* Assets */ = {
			isa = PBXGroup;
			children = (
				FB54731A245765B600271809 /* .gitkeep */,
			);
			path = Assets;
			sourceTree = "<group>";
		};
		FB54731C245765B600271809 /* Protocols */ = {
			isa = PBXGroup;
			children = (
				FB54731D245765B600271809 /* RxObject.swift */,
				FB54731E245765B600271809 /* Coordinator.swift */,
			);
			path = Protocols;
			sourceTree = "<group>";
		};
		FBC15A38245764A90037A745 = {
			isa = PBXGroup;
			children = (
				FBC15A43245764A90037A745 /* CreatureContraptions */,
				FBCDE12D245779A8004F24E6 /* CreatureContraptionsAssets */,
				FBC15A42245764A90037A745 /* Products */,
			);
			sourceTree = "<group>";
		};
		FBC15A42245764A90037A745 /* Products */ = {
			isa = PBXGroup;
			children = (
				FBC15A41245764A90037A745 /* CreatureContraptions.app */,
			);
			name = Products;
			sourceTree = "<group>";
		};
		FBC15A43245764A90037A745 /* CreatureContraptions */ = {
			isa = PBXGroup;
			children = (
				FB5472F8245765B600271809 /* Sources */,
				FBC15A44245764A90037A745 /* AppDelegate.swift */,
				FBC15A46245764A90037A745 /* SceneDelegate.swift */,
				FBC15A48245764A90037A745 /* ViewController.swift */,
				FBC15A4A245764A90037A745 /* Main.storyboard */,
				FBC15A4D245764AA0037A745 /* Assets.xcassets */,
				FBC15A4F245764AA0037A745 /* LaunchScreen.storyboard */,
				FBC15A52245764AA0037A745 /* Info.plist */,
			);
			path = CreatureContraptions;
			sourceTree = "<group>";
		};
		FBCDE12D245779A8004F24E6 /* CreatureContraptionsAssets */ = {
			isa = PBXGroup;
			children = (
				FBCDE12E245779A8004F24E6 /* Info.plist */,
			);
			path = CreatureContraptionsAssets;
			sourceTree = "<group>";
		};
/* End PBXGroup section */

/* Begin PBXNativeTarget section */
		FBC15A40245764A90037A745 /* CreatureContraptions */ = {
			isa = PBXNativeTarget;
			buildConfigurationList = FBC15A55245764AA0037A745 /* Build configuration list for PBXNativeTarget "CreatureContraptions" */;
			buildPhases = (
				FBC15A3D245764A90037A745 /* Sources */,
				FBC15A3E245764A90037A745 /* Frameworks */,
				FBC15A3F245764A90037A745 /* Resources */,
			);
			buildRules = (
			);
			dependencies = (
			);
			name = CreatureContraptions;
			packageProductDependencies = (
				FB547340245766F000271809 /* SnapKit */,
			);
			productName = CreatureContraptions;
			productReference = FBC15A41245764A90037A745 /* CreatureContraptions.app */;
			productType = "com.apple.product-type.application";
		};
/* End PBXNativeTarget section */

/* Begin PBXProject section */
		FBC15A39245764A90037A745 /* Project object */ = {
			isa = PBXProject;
			attributes = {
				LastSwiftUpdateCheck = 1140;
				LastUpgradeCheck = 1140;
				ORGANIZATIONNAME = "Chris Pflepsen";
				TargetAttributes = {
					FBC15A40245764A90037A745 = {
						CreatedOnToolsVersion = 11.4.1;
					};
				};
			};
			buildConfigurationList = FBC15A3C245764A90037A745 /* Build configuration list for PBXProject "CreatureContraptions" */;
			compatibilityVersion = "Xcode 9.3";
			developmentRegion = en;
			hasScannedForEncodings = 0;
			knownRegions = (
				en,
				Base,
			);
			mainGroup = FBC15A38245764A90037A745;
			packageReferences = (
				FB54733F245766F000271809 /* XCRemoteSwiftPackageReference "SnapKit" */,
			);
			productRefGroup = FBC15A42245764A90037A745 /* Products */;
			projectDirPath = "";
			projectRoot = "";
			targets = (
				FBC15A40245764A90037A745 /* CreatureContraptions */,
			);
		};
/* End PBXProject section */

/* Begin PBXResourcesBuildPhase section */
		FBC15A3F245764A90037A745 /* Resources */ = {
			isa = PBXResourcesBuildPhase;
			buildActionMask = 2147483647;
			files = (
				FBC15A51245764AA0037A745 /* LaunchScreen.storyboard in Resources */,
				FBC15A4E245764AA0037A745 /* Assets.xcassets in Resources */,
				FBC15A4C245764A90037A745 /* Main.storyboard in Resources */,
				FB547336245765B600271809 /* .gitkeep in Resources */,
			);
			runOnlyForDeploymentPostprocessing = 0;
		};
/* End PBXResourcesBuildPhase section */

/* Begin PBXSourcesBuildPhase section */
		FBC15A3D245764A90037A745 /* Sources */ = {
			isa = PBXSourcesBuildPhase;
			buildActionMask = 2147483647;
			files = (
				FB54732A245765B600271809 /* NSMutableAttributedStringExtensionsStyled.swift in Sources */,
				FB547326245765B600271809 /* RxObjectExtensions.swift in Sources */,
				FB547332245765B600271809 /* TextField.swift in Sources */,
				FB547321245765B600271809 /* CreatureContraptions.swift in Sources */,
				FB547331245765B600271809 /* FloatingPlaceholderTextField.swift in Sources */,
				FBC15A49245764A90037A745 /* ViewController.swift in Sources */,
				FB547328245765B600271809 /* StringExtensionsStyled.swift in Sources */,
				FBC15A45245764A90037A745 /* AppDelegate.swift in Sources */,
				FB54732B245765B600271809 /* UIFontExtensions.swift in Sources */,
				FB547327245765B600271809 /* UIViewControllerExtensions.swift in Sources */,
				FB54732E245765B600271809 /* PasswordTextField.swift in Sources */,
				FB547335245765B600271809 /* Button.swift in Sources */,
				FB54732C245765B600271809 /* UIColorExtensions.swift in Sources */,
				FB547324245765B600271809 /* StringExtensions.swift in Sources */,
				FB547333245765B600271809 /* DateTextField.swift in Sources */,
				FB547334245765B600271809 /* Slider.swift in Sources */,
				FB547329245765B600271809 /* UIWindowExtensions.swift in Sources */,
				FB54732D245765B600271809 /* Math.swift in Sources */,
				FB547322245765B600271809 /* StringStyle.swift in Sources */,
				FB54732F245765B600271809 /* HeightTextField.swift in Sources */,
				FB547339245765B600271809 /* Coordinator.swift in Sources */,
				FB547338245765B600271809 /* RxObject.swift in Sources */,
				FB547320245765B600271809 /* StyleRegistry.swift in Sources */,
				FB547330245765B600271809 /* PhoneTextField.swift in Sources */,
				FB547325245765B600271809 /* DateFormatterExtensions.swift in Sources */,
				FBC15A47245764A90037A745 /* SceneDelegate.swift in Sources */,
				FB54731F245765B600271809 /* Constants.swift in Sources */,
				FB547323245765B600271809 /* UIScrollViewExtensions.swift in Sources */,
			);
			runOnlyForDeploymentPostprocessing = 0;
		};
/* End PBXSourcesBuildPhase section */

/* Begin PBXVariantGroup section */
		FBC15A4A245764A90037A745 /* Main.storyboard */ = {
			isa = PBXVariantGroup;
			children = (
				FBC15A4B245764A90037A745 /* Base */,
			);
			name = Main.storyboard;
			sourceTree = "<group>";
		};
		FBC15A4F245764AA0037A745 /* LaunchScreen.storyboard */ = {
			isa = PBXVariantGroup;
			children = (
				FBC15A50245764AA0037A745 /* Base */,
			);
			name = LaunchScreen.storyboard;
			sourceTree = "<group>";
		};
/* End PBXVariantGroup section */

/* Begin XCBuildConfiguration section */
		FBC15A53245764AA0037A745 /* Debug */ = {
			isa = XCBuildConfiguration;
			buildSettings = {
				ALWAYS_SEARCH_USER_PATHS = NO;
				CLANG_ANALYZER_NONNULL = YES;
				CLANG_ANALYZER_NUMBER_OBJECT_CONVERSION = YES_AGGRESSIVE;
				CLANG_CXX_LANGUAGE_STANDARD = "gnu++14";
				CLANG_CXX_LIBRARY = "libc++";
				CLANG_ENABLE_MODULES = YES;
				CLANG_ENABLE_OBJC_ARC = YES;
				CLANG_ENABLE_OBJC_WEAK = YES;
				CLANG_WARN_BLOCK_CAPTURE_AUTORELEASING = YES;
				CLANG_WARN_BOOL_CONVERSION = YES;
				CLANG_WARN_COMMA = YES;
				CLANG_WARN_CONSTANT_CONVERSION = YES;
				CLANG_WARN_DEPRECATED_OBJC_IMPLEMENTATIONS = YES;
				CLANG_WARN_DIRECT_OBJC_ISA_USAGE = YES_ERROR;
				CLANG_WARN_DOCUMENTATION_COMMENTS = YES;
				CLANG_WARN_EMPTY_BODY = YES;
				CLANG_WARN_ENUM_CONVERSION = YES;
				CLANG_WARN_INFINITE_RECURSION = YES;
				CLANG_WARN_INT_CONVERSION = YES;
				CLANG_WARN_NON_LITERAL_NULL_CONVERSION = YES;
				CLANG_WARN_OBJC_IMPLICIT_RETAIN_SELF = YES;
				CLANG_WARN_OBJC_LITERAL_CONVERSION = YES;
				CLANG_WARN_OBJC_ROOT_CLASS = YES_ERROR;
				CLANG_WARN_RANGE_LOOP_ANALYSIS = YES;
				CLANG_WARN_STRICT_PROTOTYPES = YES;
				CLANG_WARN_SUSPICIOUS_MOVE = YES;
				CLANG_WARN_UNGUARDED_AVAILABILITY = YES_AGGRESSIVE;
				CLANG_WARN_UNREACHABLE_CODE = YES;
				CLANG_WARN__DUPLICATE_METHOD_MATCH = YES;
				COPY_PHASE_STRIP = NO;
				DEBUG_INFORMATION_FORMAT = dwarf;
				ENABLE_STRICT_OBJC_MSGSEND = YES;
				ENABLE_TESTABILITY = YES;
				GCC_C_LANGUAGE_STANDARD = gnu11;
				GCC_DYNAMIC_NO_PIC = NO;
				GCC_NO_COMMON_BLOCKS = YES;
				GCC_OPTIMIZATION_LEVEL = 0;
				GCC_PREPROCESSOR_DEFINITIONS = (
					"DEBUG=1",
					"$(inherited)",
				);
				GCC_WARN_64_TO_32_BIT_CONVERSION = YES;
				GCC_WARN_ABOUT_RETURN_TYPE = YES_ERROR;
				GCC_WARN_UNDECLARED_SELECTOR = YES;
				GCC_WARN_UNINITIALIZED_AUTOS = YES_AGGRESSIVE;
				GCC_WARN_UNUSED_FUNCTION = YES;
				GCC_WARN_UNUSED_VARIABLE = YES;
				IPHONEOS_DEPLOYMENT_TARGET = 13.4;
				MTL_ENABLE_DEBUG_INFO = INCLUDE_SOURCE;
				MTL_FAST_MATH = YES;
				ONLY_ACTIVE_ARCH = YES;
				SDKROOT = iphoneos;
				SWIFT_ACTIVE_COMPILATION_CONDITIONS = DEBUG;
				SWIFT_OPTIMIZATION_LEVEL = "-Onone";
			};
			name = Debug;
		};
		FBC15A54245764AA0037A745 /* Release */ = {
			isa = XCBuildConfiguration;
			buildSettings = {
				ALWAYS_SEARCH_USER_PATHS = NO;
				CLANG_ANALYZER_NONNULL = YES;
				CLANG_ANALYZER_NUMBER_OBJECT_CONVERSION = YES_AGGRESSIVE;
				CLANG_CXX_LANGUAGE_STANDARD = "gnu++14";
				CLANG_CXX_LIBRARY = "libc++";
				CLANG_ENABLE_MODULES = YES;
				CLANG_ENABLE_OBJC_ARC = YES;
				CLANG_ENABLE_OBJC_WEAK = YES;
				CLANG_WARN_BLOCK_CAPTURE_AUTORELEASING = YES;
				CLANG_WARN_BOOL_CONVERSION = YES;
				CLANG_WARN_COMMA = YES;
				CLANG_WARN_CONSTANT_CONVERSION = YES;
				CLANG_WARN_DEPRECATED_OBJC_IMPLEMENTATIONS = YES;
				CLANG_WARN_DIRECT_OBJC_ISA_USAGE = YES_ERROR;
				CLANG_WARN_DOCUMENTATION_COMMENTS = YES;
				CLANG_WARN_EMPTY_BODY = YES;
				CLANG_WARN_ENUM_CONVERSION = YES;
				CLANG_WARN_INFINITE_RECURSION = YES;
				CLANG_WARN_INT_CONVERSION = YES;
				CLANG_WARN_NON_LITERAL_NULL_CONVERSION = YES;
				CLANG_WARN_OBJC_IMPLICIT_RETAIN_SELF = YES;
				CLANG_WARN_OBJC_LITERAL_CONVERSION = YES;
				CLANG_WARN_OBJC_ROOT_CLASS = YES_ERROR;
				CLANG_WARN_RANGE_LOOP_ANALYSIS = YES;
				CLANG_WARN_STRICT_PROTOTYPES = YES;
				CLANG_WARN_SUSPICIOUS_MOVE = YES;
				CLANG_WARN_UNGUARDED_AVAILABILITY = YES_AGGRESSIVE;
				CLANG_WARN_UNREACHABLE_CODE = YES;
				CLANG_WARN__DUPLICATE_METHOD_MATCH = YES;
				COPY_PHASE_STRIP = NO;
				DEBUG_INFORMATION_FORMAT = "dwarf-with-dsym";
				ENABLE_NS_ASSERTIONS = NO;
				ENABLE_STRICT_OBJC_MSGSEND = YES;
				GCC_C_LANGUAGE_STANDARD = gnu11;
				GCC_NO_COMMON_BLOCKS = YES;
				GCC_WARN_64_TO_32_BIT_CONVERSION = YES;
				GCC_WARN_ABOUT_RETURN_TYPE = YES_ERROR;
				GCC_WARN_UNDECLARED_SELECTOR = YES;
				GCC_WARN_UNINITIALIZED_AUTOS = YES_AGGRESSIVE;
				GCC_WARN_UNUSED_FUNCTION = YES;
				GCC_WARN_UNUSED_VARIABLE = YES;
				IPHONEOS_DEPLOYMENT_TARGET = 13.4;
				MTL_ENABLE_DEBUG_INFO = NO;
				MTL_FAST_MATH = YES;
				SDKROOT = iphoneos;
				SWIFT_COMPILATION_MODE = wholemodule;
				SWIFT_OPTIMIZATION_LEVEL = "-O";
				VALIDATE_PRODUCT = YES;
			};
			name = Release;
		};
		FBC15A56245764AA0037A745 /* Debug */ = {
			isa = XCBuildConfiguration;
			buildSettings = {
				ASSETCATALOG_COMPILER_APPICON_NAME = AppIcon;
				CODE_SIGN_STYLE = Automatic;
				DEVELOPMENT_TEAM = S5YUMSX8EQ;
				INFOPLIST_FILE = CreatureContraptions/Info.plist;
				LD_RUNPATH_SEARCH_PATHS = (
					"$(inherited)",
					"@executable_path/Frameworks",
				);
				PRODUCT_BUNDLE_IDENTIFIER = com.chrispflepsen.CreatureContraptions;
				PRODUCT_NAME = "$(TARGET_NAME)";
				SWIFT_VERSION = 5.0;
				TARGETED_DEVICE_FAMILY = "1,2";
			};
			name = Debug;
		};
		FBC15A57245764AA0037A745 /* Release */ = {
			isa = XCBuildConfiguration;
			buildSettings = {
				ASSETCATALOG_COMPILER_APPICON_NAME = AppIcon;
				CODE_SIGN_STYLE = Automatic;
				DEVELOPMENT_TEAM = S5YUMSX8EQ;
				INFOPLIST_FILE = CreatureContraptions/Info.plist;
				LD_RUNPATH_SEARCH_PATHS = (
					"$(inherited)",
					"@executable_path/Frameworks",
				);
				PRODUCT_BUNDLE_IDENTIFIER = com.chrispflepsen.CreatureContraptions;
				PRODUCT_NAME = "$(TARGET_NAME)";
				SWIFT_VERSION = 5.0;
				TARGETED_DEVICE_FAMILY = "1,2";
			};
			name = Release;
		};
/* End XCBuildConfiguration section */

/* Begin XCConfigurationList section */
		FBC15A3C245764A90037A745 /* Build configuration list for PBXProject "CreatureContraptions" */ = {
			isa = XCConfigurationList;
			buildConfigurations = (
				FBC15A53245764AA0037A745 /* Debug */,
				FBC15A54245764AA0037A745 /* Release */,
			);
			defaultConfigurationIsVisible = 0;
			defaultConfigurationName = Release;
		};
		FBC15A55245764AA0037A745 /* Build configuration list for PBXNativeTarget "CreatureContraptions" */ = {
			isa = XCConfigurationList;
			buildConfigurations = (
				FBC15A56245764AA0037A745 /* Debug */,
				FBC15A57245764AA0037A745 /* Release */,
			);
			defaultConfigurationIsVisible = 0;
			defaultConfigurationName = Release;
		};
/* End XCConfigurationList section */

/* Begin XCRemoteSwiftPackageReference section */
		FB54733F245766F000271809 /* XCRemoteSwiftPackageReference "SnapKit" */ = {
			isa = XCRemoteSwiftPackageReference;
			repositoryURL = "https://github.com/SnapKit/SnapKit";
			requirement = {
				kind = upToNextMajorVersion;
				minimumVersion = 5.0.1;
			};
		};
/* End XCRemoteSwiftPackageReference section */

/* Begin XCSwiftPackageProductDependency section */
		FB547340245766F000271809 /* SnapKit */ = {
			isa = XCSwiftPackageProductDependency;
			package = FB54733F245766F000271809 /* XCRemoteSwiftPackageReference "SnapKit" */;
			productName = SnapKit;
		};
/* End XCSwiftPackageProductDependency section */
	};
	rootObject = FBC15A39245764A90037A745 /* Project object */;
}
